version: 6
environments:
  default:
    channels:
    - url: https://conda.anaconda.org/conda-forge/
    - url: https://repo.prefix.dev/cxxlibs/
    packages:
      linux-64:
      - conda: https://conda.anaconda.org/conda-forge/linux-64/_libgcc_mutex-0.1-conda_forge.tar.bz2
      - conda: https://conda.anaconda.org/conda-forge/linux-64/_openmp_mutex-4.5-2_gnu.tar.bz2
      - conda: https://conda.anaconda.org/conda-forge/linux-64/binutils_impl_linux-64-2.43-h4bf12b8_4.conda
      - conda: https://conda.anaconda.org/conda-forge/linux-64/bzip2-1.0.8-h4bc722e_7.conda
      - conda: https://conda.anaconda.org/conda-forge/linux-64/c-ares-1.34.4-hb9d3cd8_0.conda
      - conda: https://conda.anaconda.org/conda-forge/linux-64/ca-certificates-2025.1.31-hbcca054_0.conda
      - conda: https://conda.anaconda.org/conda-forge/linux-64/ccache-4.11.2-hd714d17_0.conda
      - conda: https://conda.anaconda.org/conda-forge/linux-64/clang-20-20.1.1-default_hb5137d0_0.conda
      - conda: https://conda.anaconda.org/conda-forge/linux-64/clang-20.1.1-default_h9e3a008_0.conda
      - conda: https://conda.anaconda.org/conda-forge/linux-64/clangxx-20.1.1-default_ha78316a_0.conda
      - conda: https://conda.anaconda.org/conda-forge/linux-64/cmake-3.31.6-h74e3db0_0.conda
      - conda: https://conda.anaconda.org/conda-forge/noarch/ctre-3.9.0-hcf7ca51_0.conda
      - conda: https://conda.anaconda.org/conda-forge/linux-64/flatbuffers-25.1.21-h8f4948b_0.conda
      - conda: https://conda.anaconda.org/conda-forge/linux-64/gtest-1.15.2-h434a139_0.conda
      - conda: https://conda.anaconda.org/conda-forge/linux-64/icu-75.1-he02047a_0.conda
      - conda: https://conda.anaconda.org/conda-forge/noarch/kernel-headers_linux-64-3.10.0-he073ed8_18.conda
      - conda: https://conda.anaconda.org/conda-forge/linux-64/keyutils-1.6.1-h166bdaf_0.tar.bz2
      - conda: https://conda.anaconda.org/conda-forge/linux-64/krb5-1.21.3-h659f571_0.conda
      - conda: https://conda.anaconda.org/conda-forge/linux-64/ld_impl_linux-64-2.43-h712a8e2_4.conda
      - conda: https://conda.anaconda.org/conda-forge/linux-64/libbson-1.23.2-hcb278e6_0.conda
      - conda: https://conda.anaconda.org/conda-forge/linux-64/libclang-cpp20.1-20.1.1-default_hb5137d0_0.conda
      - conda: https://conda.anaconda.org/conda-forge/linux-64/libcurl-8.12.1-h332b0f4_0.conda
      - conda: https://conda.anaconda.org/conda-forge/linux-64/libedit-3.1.20250104-pl5321h7949ede_0.conda
      - conda: https://conda.anaconda.org/conda-forge/linux-64/libev-4.33-hd590300_2.conda
      - conda: https://conda.anaconda.org/conda-forge/linux-64/libexpat-2.6.4-h5888daf_0.conda
      - conda: https://conda.anaconda.org/conda-forge/linux-64/libgcc-14.2.0-h767d61c_2.conda
      - conda: https://conda.anaconda.org/conda-forge/noarch/libgcc-devel_linux-64-14.2.0-h9c4974d_102.conda
      - conda: https://conda.anaconda.org/conda-forge/linux-64/libgcc-ng-14.2.0-h69a702a_2.conda
      - conda: https://conda.anaconda.org/conda-forge/linux-64/libgfortran-14.2.0-h69a702a_2.conda
      - conda: https://conda.anaconda.org/conda-forge/linux-64/libgfortran-ng-14.2.0-h69a702a_2.conda
      - conda: https://conda.anaconda.org/conda-forge/linux-64/libgfortran5-14.2.0-hf1ad2bd_2.conda
      - conda: https://conda.anaconda.org/conda-forge/linux-64/libgomp-14.2.0-h767d61c_2.conda
      - conda: https://conda.anaconda.org/conda-forge/linux-64/libhiredis-1.0.2-h2cc385e_0.tar.bz2
      - conda: https://conda.anaconda.org/conda-forge/linux-64/libiconv-1.18-h4ce23a2_1.conda
      - conda: https://conda.anaconda.org/conda-forge/linux-64/libllvm20-20.1.1-ha7bfdaf_0.conda
      - conda: https://conda.anaconda.org/conda-forge/linux-64/liblzma-5.6.4-hb9d3cd8_0.conda
      - conda: https://conda.anaconda.org/conda-forge/linux-64/libnghttp2-1.64.0-h161d5f1_0.conda
      - conda: https://conda.anaconda.org/conda-forge/linux-64/libssh2-1.11.1-hf672d98_0.conda
      - conda: https://conda.anaconda.org/conda-forge/linux-64/libstdcxx-14.2.0-h8f9b012_2.conda
      - conda: https://conda.anaconda.org/conda-forge/noarch/libstdcxx-devel_linux-64-14.2.0-h9c4974d_102.conda
      - conda: https://conda.anaconda.org/conda-forge/linux-64/libstdcxx-ng-14.2.0-h4852527_2.conda
      - conda: https://conda.anaconda.org/conda-forge/linux-64/libuv-1.50.0-hb9d3cd8_0.conda
      - conda: https://conda.anaconda.org/conda-forge/linux-64/libxml2-2.13.6-h8d12d68_0.conda
      - conda: https://conda.anaconda.org/conda-forge/linux-64/libzlib-1.3.1-hb9d3cd8_2.conda
      - conda: https://conda.anaconda.org/conda-forge/linux-64/msgpack-c-6.1.0-h7955e40_1.conda
      - conda: https://conda.anaconda.org/conda-forge/linux-64/ncurses-6.5-h2d0b736_3.conda
      - conda: https://conda.anaconda.org/conda-forge/linux-64/ninja-1.12.1-h297d8ca_0.conda
      - conda: https://conda.anaconda.org/conda-forge/linux-64/openssl-3.4.1-h7b32b05_0.conda
      - conda: https://conda.anaconda.org/conda-forge/linux-64/patchelf-0.17.2-h58526e2_0.conda
      - conda: https://conda.anaconda.org/conda-forge/linux-64/pkg-config-0.29.2-h4bc722e_1009.conda
      - conda: https://conda.anaconda.org/conda-forge/linux-64/pugixml-1.15-h3f63f65_0.conda
      - conda: https://conda.anaconda.org/conda-forge/linux-64/rattler-build-0.39.0-h159367c_1.conda
      - conda: https://conda.anaconda.org/conda-forge/linux-64/rhash-1.4.5-hb9d3cd8_0.conda
      - conda: https://conda.anaconda.org/conda-forge/noarch/sysroot_linux-64-2.17-h0157908_18.conda
      - conda: https://repo.prefix.dev/cxxlibs/linux-64/toml11-4.4.0-hb0f4dca_0.conda
      - conda: https://conda.anaconda.org/conda-forge/noarch/tzdata-2025b-h78e105d_0.conda
      - conda: https://conda.anaconda.org/conda-forge/linux-64/yaml-cpp-0.8.0-h59595ed_0.conda
      - conda: https://repo.prefix.dev/cxxlibs/linux-64/yyjson-0.10.0-hb0f4dca_0.conda
      - conda: https://conda.anaconda.org/conda-forge/linux-64/zstd-1.5.7-hb8e6e7a_2.conda
packages:
- conda: https://conda.anaconda.org/conda-forge/linux-64/_libgcc_mutex-0.1-conda_forge.tar.bz2
  sha256: fe51de6107f9edc7aa4f786a70f4a883943bc9d39b3bb7307c04c41410990726
  md5: d7c89558ba9fa0495403155b64376d81
  license: None
  size: 2562
  timestamp: 1578324546067
- conda: https://conda.anaconda.org/conda-forge/linux-64/_openmp_mutex-4.5-2_gnu.tar.bz2
  build_number: 16
  sha256: fbe2c5e56a653bebb982eda4876a9178aedfc2b545f25d0ce9c4c0b508253d22
  md5: 73aaf86a425cc6e73fcf236a5a46396d
  depends:
  - _libgcc_mutex 0.1 conda_forge
  - libgomp >=7.5.0
  constrains:
  - openmp_impl 9999
  license: BSD-3-Clause
  license_family: BSD
  size: 23621
  timestamp: 1650670423406
- conda: https://conda.anaconda.org/conda-forge/linux-64/binutils_impl_linux-64-2.43-h4bf12b8_4.conda
  sha256: 194d771be287dc973f6057c0747010ce28adf960f38d6e03ce3e828d7b74833e
  md5: ef67db625ad0d2dce398837102f875ed
  depends:
  - ld_impl_linux-64 2.43 h712a8e2_4
  - sysroot_linux-64
  license: GPL-3.0-only
  license_family: GPL
  size: 6111717
  timestamp: 1740155471052
- conda: https://conda.anaconda.org/conda-forge/linux-64/bzip2-1.0.8-h4bc722e_7.conda
  sha256: 5ced96500d945fb286c9c838e54fa759aa04a7129c59800f0846b4335cee770d
  md5: 62ee74e96c5ebb0af99386de58cf9553
  depends:
  - __glibc >=2.17,<3.0.a0
  - libgcc-ng >=12
  license: bzip2-1.0.6
  license_family: BSD
  size: 252783
  timestamp: 1720974456583
- conda: https://conda.anaconda.org/conda-forge/linux-64/c-ares-1.34.4-hb9d3cd8_0.conda
  sha256: d4f28d87b6339b94f74762c0076e29c8ef8ddfff51a564a92da2843573c18320
  md5: e2775acf57efd5af15b8e3d1d74d72d3
  depends:
  - __glibc >=2.17,<3.0.a0
  - libgcc >=13
  license: MIT
  license_family: MIT
  size: 206085
  timestamp: 1734208189009
- conda: https://conda.anaconda.org/conda-forge/linux-64/ca-certificates-2025.1.31-hbcca054_0.conda
  sha256: bf832198976d559ab44d6cdb315642655547e26d826e34da67cbee6624cda189
  md5: 19f3a56f68d2fd06c516076bff482c52
  license: ISC
  size: 158144
  timestamp: 1738298224464
- conda: https://conda.anaconda.org/conda-forge/linux-64/ccache-4.11.2-hd714d17_0.conda
  sha256: 360f578a85e049dac2211c0b719860e6df69fb1748a979542cc33e1697f89c90
  md5: 35ae7ce74089ab05fdb1cb9746c0fbe4
  depends:
  - libstdcxx >=13
  - libgcc >=13
  - __glibc >=2.17,<3.0.a0
  - zstd >=1.5.7,<1.6.0a0
  - libhiredis >=1.0.2,<1.1.0a0
  license: GPL-3.0-only
  license_family: GPL
  size: 708867
  timestamp: 1742708058758
- conda: https://conda.anaconda.org/conda-forge/linux-64/clang-20.1.1-default_h9e3a008_0.conda
  sha256: 0bbcc6eb77f2597af1b2d0ffc6f7b48db09f1b716c769af350388235c2614fab
  md5: 88ad01cded2b46ab4a77aafeac17cb3e
  depends:
  - binutils_impl_linux-64
  - clang-20 20.1.1 default_hb5137d0_0
  - libgcc-devel_linux-64
  - sysroot_linux-64
  license: Apache-2.0 WITH LLVM-exception
  license_family: Apache
  size: 23982
  timestamp: 1742506317665
- conda: https://conda.anaconda.org/conda-forge/linux-64/clang-20-20.1.1-default_hb5137d0_0.conda
  sha256: d293037dcd8377011dad0cc822e88335d0a10f0d504e4649e57dbdb72690809f
  md5: cef16ac880dc2fa050bdfb15fe1d2a8b
  depends:
  - __glibc >=2.17,<3.0.a0
  - libclang-cpp20.1 20.1.1 default_hb5137d0_0
  - libgcc >=13
  - libllvm20 >=20.1.1,<20.2.0a0
  - libstdcxx >=13
  license: Apache-2.0 WITH LLVM-exception
  license_family: Apache
  size: 820809
  timestamp: 1742506260799
- conda: https://conda.anaconda.org/conda-forge/linux-64/clangxx-20.1.1-default_ha78316a_0.conda
  sha256: 734aba45ca6f2b9f9211fddd01d1c35e13f5d29058631aff0269596b64fa8901
  md5: 985e5315109da087e043b2fb1ea148bd
  depends:
  - clang 20.1.1 default_h9e3a008_0
  - libstdcxx-devel_linux-64
  license: Apache-2.0 WITH LLVM-exception
  license_family: Apache
  size: 24029
  timestamp: 1742506328762
- conda: https://conda.anaconda.org/conda-forge/linux-64/cmake-3.31.6-h74e3db0_0.conda
  sha256: 82372b404995a92fecfef38e9f1cb4977e71b785a728db5a9ed6f1aec49d547c
  md5: d6e0e094315ee3e99ca153663e7fa669
  depends:
  - __glibc >=2.17,<3.0.a0
  - bzip2 >=1.0.8,<2.0a0
  - libcurl >=8.12.1,<9.0a0
  - libexpat >=2.6.4,<3.0a0
  - libgcc >=13
  - liblzma >=5.6.4,<6.0a0
  - libstdcxx >=13
  - libuv >=1.50.0,<2.0a0
  - libzlib >=1.3.1,<2.0a0
  - ncurses >=6.5,<7.0a0
  - rhash >=1.4.5,<2.0a0
  - zstd >=1.5.7,<1.6.0a0
  license: BSD-3-Clause
  license_family: BSD
  size: 20376244
  timestamp: 1740467420604
- conda: https://conda.anaconda.org/conda-forge/noarch/ctre-3.9.0-hcf7ca51_0.conda
  sha256: 9327efa0464c421582cae0e4df5b2f5e279ae95e070198222ed363691c5ab11c
  md5: 9f85fcde96269fd70c1f394dc835edd6
  depends:
  - __unix
  license: Apache-2.0
  license_family: APACHE
  size: 107272
  timestamp: 1715914863624
- conda: https://conda.anaconda.org/conda-forge/linux-64/flatbuffers-25.1.21-h8f4948b_0.conda
  sha256: 6e91c21addd7a3ba97d2e0797c1e542bb78c5a21da2daff43c4b24abfb26de4b
  md5: 2810fe9b1a18b713f83aa4e9aa9e58ff
  depends:
  - __glibc >=2.17,<3.0.a0
  - libgcc >=13
  - libstdcxx >=13
  license: Apache-2.0
  license_family: APACHE
  size: 1534388
  timestamp: 1737534979298
- conda: https://conda.anaconda.org/conda-forge/linux-64/gtest-1.15.2-h434a139_0.conda
  sha256: cf2ccc3bbaca3dba1c12087aeaf5cc8f7c665d8678d9a9815d87b360867fc952
  md5: 0874e26e61c13ae001dc647a650a97ca
  depends:
  - __glibc >=2.17,<3.0.a0
  - libgcc-ng >=12
  - libstdcxx-ng >=12
  constrains:
  - gmock 1.15.2
  license: BSD-3-Clause
  license_family: BSD
  size: 408202
  timestamp: 1722457782806
- conda: https://conda.anaconda.org/conda-forge/linux-64/icu-75.1-he02047a_0.conda
  sha256: 71e750d509f5fa3421087ba88ef9a7b9be11c53174af3aa4d06aff4c18b38e8e
  md5: 8b189310083baabfb622af68fd9d3ae3
  depends:
  - __glibc >=2.17,<3.0.a0
  - libgcc-ng >=12
  - libstdcxx-ng >=12
  license: MIT
  license_family: MIT
  size: 12129203
  timestamp: 1720853576813
- conda: https://conda.anaconda.org/conda-forge/noarch/kernel-headers_linux-64-3.10.0-he073ed8_18.conda
  sha256: a922841ad80bd7b222502e65c07ecb67e4176c4fa5b03678a005f39fcc98be4b
  md5: ad8527bf134a90e1c9ed35fa0b64318c
  constrains:
  - sysroot_linux-64 ==2.17
  license: LGPL-2.0-or-later AND LGPL-2.0-or-later WITH exceptions AND GPL-2.0-or-later AND MPL-2.0
  license_family: GPL
  size: 943486
  timestamp: 1729794504440
- conda: https://conda.anaconda.org/conda-forge/linux-64/keyutils-1.6.1-h166bdaf_0.tar.bz2
  sha256: 150c05a6e538610ca7c43beb3a40d65c90537497a4f6a5f4d15ec0451b6f5ebb
  md5: 30186d27e2c9fa62b45fb1476b7200e3
  depends:
  - libgcc-ng >=10.3.0
  license: LGPL-2.1-or-later
  size: 117831
  timestamp: 1646151697040
- conda: https://conda.anaconda.org/conda-forge/linux-64/krb5-1.21.3-h659f571_0.conda
  sha256: 99df692f7a8a5c27cd14b5fb1374ee55e756631b9c3d659ed3ee60830249b238
  md5: 3f43953b7d3fb3aaa1d0d0723d91e368
  depends:
  - keyutils >=1.6.1,<2.0a0
  - libedit >=3.1.20191231,<3.2.0a0
  - libedit >=3.1.20191231,<4.0a0
  - libgcc-ng >=12
  - libstdcxx-ng >=12
  - openssl >=3.3.1,<4.0a0
  license: MIT
  license_family: MIT
  size: 1370023
  timestamp: 1719463201255
- conda: https://conda.anaconda.org/conda-forge/linux-64/ld_impl_linux-64-2.43-h712a8e2_4.conda
  sha256: db73f38155d901a610b2320525b9dd3b31e4949215c870685fd92ea61b5ce472
  md5: 01f8d123c96816249efd255a31ad7712
  depends:
  - __glibc >=2.17,<3.0.a0
  constrains:
  - binutils_impl_linux-64 2.43
  license: GPL-3.0-only
  license_family: GPL
  size: 671240
  timestamp: 1740155456116
- conda: https://conda.anaconda.org/conda-forge/linux-64/libbson-1.23.2-hcb278e6_0.conda
  sha256: e342703cee4df9519a7a40c3fb380e70c2d581d13051e479dcb34340956e080d
  md5: 579c623f03fe3cbcb1085c7c481bd65d
  depends:
  - libgcc-ng >=12
  - libstdcxx-ng >=12
  license: Apache-2.0
  license_family: APACHE
  size: 156687
  timestamp: 1672786636693
- conda: https://conda.anaconda.org/conda-forge/linux-64/libclang-cpp20.1-20.1.1-default_hb5137d0_0.conda
  sha256: 3b79cdf6bb6d5f42a73f5db5f3dd9fb5563b44f24e761d02faeb52b9506019f4
  md5: 331dee424fabc0c26331767acc93a074
  depends:
  - __glibc >=2.17,<3.0.a0
  - libgcc >=13
  - libllvm20 >=20.1.1,<20.2.0a0
  - libstdcxx >=13
  license: Apache-2.0 WITH LLVM-exception
  license_family: Apache
  size: 20878931
  timestamp: 1742506161165
- conda: https://conda.anaconda.org/conda-forge/linux-64/libcurl-8.12.1-h332b0f4_0.conda
  sha256: 2ebc3039af29269e4cdb858fca36265e5e400c1125a4bcd84ae73a596e0e76ca
  md5: 45e9dc4e7b25e2841deb392be085500e
  depends:
  - __glibc >=2.17,<3.0.a0
  - krb5 >=1.21.3,<1.22.0a0
  - libgcc >=13
  - libnghttp2 >=1.64.0,<2.0a0
  - libssh2 >=1.11.1,<2.0a0
  - libzlib >=1.3.1,<2.0a0
  - openssl >=3.4.1,<4.0a0
  - zstd >=1.5.6,<1.6.0a0
  license: curl
  license_family: MIT
  size: 426675
  timestamp: 1739512336799
- conda: https://conda.anaconda.org/conda-forge/linux-64/libedit-3.1.20250104-pl5321h7949ede_0.conda
  sha256: d789471216e7aba3c184cd054ed61ce3f6dac6f87a50ec69291b9297f8c18724
  md5: c277e0a4d549b03ac1e9d6cbbe3d017b
  depends:
  - ncurses
  - __glibc >=2.17,<3.0.a0
  - libgcc >=13
  - ncurses >=6.5,<7.0a0
  license: BSD-2-Clause
  license_family: BSD
  size: 134676
  timestamp: 1738479519902
- conda: https://conda.anaconda.org/conda-forge/linux-64/libev-4.33-hd590300_2.conda
  sha256: 1cd6048169fa0395af74ed5d8f1716e22c19a81a8a36f934c110ca3ad4dd27b4
  md5: 172bf1cd1ff8629f2b1179945ed45055
  depends:
  - libgcc-ng >=12
  license: BSD-2-Clause
  license_family: BSD
  size: 112766
  timestamp: 1702146165126
- conda: https://conda.anaconda.org/conda-forge/linux-64/libexpat-2.6.4-h5888daf_0.conda
  sha256: 56541b98447b58e52d824bd59d6382d609e11de1f8adf20b23143e353d2b8d26
  md5: db833e03127376d461e1e13e76f09b6c
  depends:
  - __glibc >=2.17,<3.0.a0
  - libgcc >=13
  constrains:
  - expat 2.6.4.*
  license: MIT
  license_family: MIT
  size: 73304
  timestamp: 1730967041968
- conda: https://conda.anaconda.org/conda-forge/linux-64/libgcc-14.2.0-h767d61c_2.conda
  sha256: 3a572d031cb86deb541d15c1875aaa097baefc0c580b54dc61f5edab99215792
  md5: ef504d1acbd74b7cc6849ef8af47dd03
  depends:
  - __glibc >=2.17,<3.0.a0
  - _openmp_mutex >=4.5
  constrains:
  - libgomp 14.2.0 h767d61c_2
  - libgcc-ng ==14.2.0=*_2
  license: GPL-3.0-only WITH GCC-exception-3.1
  license_family: GPL
  size: 847885
  timestamp: 1740240653082
- conda: https://conda.anaconda.org/conda-forge/noarch/libgcc-devel_linux-64-14.2.0-h9c4974d_102.conda
  sha256: d663727f935853d1e94b8eb69fb1bac267339c99236fd26e14d4a2297ac96c91
  md5: 80ecc6e9ecffe737e30a7e5a9b10bcb4
  depends:
  - __unix
  license: GPL-3.0-only WITH GCC-exception-3.1
  license_family: GPL
  size: 2761178
  timestamp: 1740240568863
- conda: https://conda.anaconda.org/conda-forge/linux-64/libgcc-ng-14.2.0-h69a702a_2.conda
  sha256: fb7558c328b38b2f9d2e412c48da7890e7721ba018d733ebdfea57280df01904
  md5: a2222a6ada71fb478682efe483ce0f92
  depends:
  - libgcc 14.2.0 h767d61c_2
  license: GPL-3.0-only WITH GCC-exception-3.1
  license_family: GPL
  size: 53758
  timestamp: 1740240660904
- conda: https://conda.anaconda.org/conda-forge/linux-64/libgfortran-14.2.0-h69a702a_2.conda
  sha256: e05263e8960da03c341650f2a3ffa4ccae4e111cb198e8933a2908125459e5a6
  md5: fb54c4ea68b460c278d26eea89cfbcc3
  depends:
  - libgfortran5 14.2.0 hf1ad2bd_2
  constrains:
  - libgfortran-ng ==14.2.0=*_2
  license: GPL-3.0-only WITH GCC-exception-3.1
  license_family: GPL
  size: 53733
  timestamp: 1740240690977
- conda: https://conda.anaconda.org/conda-forge/linux-64/libgfortran-ng-14.2.0-h69a702a_2.conda
  sha256: 688a5968852e677d2a64974c8869ffb120eac21997ced7d15c599f152ef6857e
  md5: 4056c857af1a99ee50589a941059ec55
  depends:
  - libgfortran 14.2.0 h69a702a_2
  license: GPL-3.0-only WITH GCC-exception-3.1
  license_family: GPL
  size: 53781
  timestamp: 1740240884760
- conda: https://conda.anaconda.org/conda-forge/linux-64/libgfortran5-14.2.0-hf1ad2bd_2.conda
  sha256: c17b7cf3073a1f4e1f34d50872934fa326346e104d3c445abc1e62481ad6085c
  md5: 556a4fdfac7287d349b8f09aba899693
  depends:
  - __glibc >=2.17,<3.0.a0
  - libgcc >=14.2.0
  constrains:
  - libgfortran 14.2.0
  license: GPL-3.0-only WITH GCC-exception-3.1
  license_family: GPL
  size: 1461978
  timestamp: 1740240671964
- conda: https://conda.anaconda.org/conda-forge/linux-64/libgomp-14.2.0-h767d61c_2.conda
  sha256: 1a3130e0b9267e781b89399580f3163632d59fe5b0142900d63052ab1a53490e
  md5: 06d02030237f4d5b3d9a7e7d348fe3c6
  depends:
  - __glibc >=2.17,<3.0.a0
  license: GPL-3.0-only WITH GCC-exception-3.1
  license_family: GPL
  size: 459862
  timestamp: 1740240588123
- conda: https://conda.anaconda.org/conda-forge/linux-64/libhiredis-1.0.2-h2cc385e_0.tar.bz2
  sha256: ee39c69df4fb39cfe1139ac4f7405bb066eba773e11ba3ab7c33835be00c2e48
  md5: b34907d3a81a3cd8095ee83d174c074a
  depends:
  - libgcc-ng >=9.4.0
  - libgfortran-ng
  - libgfortran5 >=9.4.0
  - libstdcxx-ng >=9.4.0
  license: BSD-3-Clause
  license_family: BSD
  size: 147325
  timestamp: 1633982069195
- conda: https://conda.anaconda.org/conda-forge/linux-64/libiconv-1.18-h4ce23a2_1.conda
  sha256: 18a4afe14f731bfb9cf388659994263904d20111e42f841e9eea1bb6f91f4ab4
  md5: e796ff8ddc598affdf7c173d6145f087
  depends:
  - __glibc >=2.17,<3.0.a0
  - libgcc >=13
  license: LGPL-2.1-only
  size: 713084
  timestamp: 1740128065462
- conda: https://conda.anaconda.org/conda-forge/linux-64/libllvm20-20.1.1-ha7bfdaf_0.conda
  sha256: 28c4f97a5d03e6fcd7fef80ae415e28ca1bdbe9605172c926099bdb92b092b8b
  md5: 2e234fb7d6eeb5c32eb5b256403b5795
  depends:
  - __glibc >=2.17,<3.0.a0
  - libgcc >=13
  - libstdcxx >=13
  - libxml2 >=2.13.6,<3.0a0
  - libzlib >=1.3.1,<2.0a0
  - zstd >=1.5.7,<1.6.0a0
  license: Apache-2.0 WITH LLVM-exception
  license_family: Apache
  size: 42997088
  timestamp: 1742460259690
- conda: https://conda.anaconda.org/conda-forge/linux-64/liblzma-5.6.4-hb9d3cd8_0.conda
  sha256: cad52e10319ca4585bc37f0bc7cce99ec7c15dc9168e42ccb96b741b0a27db3f
  md5: 42d5b6a0f30d3c10cd88cb8584fda1cb
  depends:
  - __glibc >=2.17,<3.0.a0
  - libgcc >=13
  license: 0BSD
  size: 111357
  timestamp: 1738525339684
- conda: https://conda.anaconda.org/conda-forge/linux-64/libnghttp2-1.64.0-h161d5f1_0.conda
  sha256: b0f2b3695b13a989f75d8fd7f4778e1c7aabe3b36db83f0fe80b2cd812c0e975
  md5: 19e57602824042dfd0446292ef90488b
  depends:
  - __glibc >=2.17,<3.0.a0
  - c-ares >=1.32.3,<2.0a0
  - libev >=4.33,<4.34.0a0
  - libev >=4.33,<5.0a0
  - libgcc >=13
  - libstdcxx >=13
  - libzlib >=1.3.1,<2.0a0
  - openssl >=3.3.2,<4.0a0
  license: MIT
  license_family: MIT
  size: 647599
  timestamp: 1729571887612
- conda: https://conda.anaconda.org/conda-forge/linux-64/libssh2-1.11.1-hf672d98_0.conda
  sha256: 0407ac9fda2bb67e11e357066eff144c845801d00b5f664efbc48813af1e7bb9
  md5: be2de152d8073ef1c01b7728475f2fe7
  depends:
  - __glibc >=2.17,<3.0.a0
  - libgcc >=13
  - libzlib >=1.3.1,<2.0a0
  - openssl >=3.4.0,<4.0a0
  license: BSD-3-Clause
  license_family: BSD
  size: 304278
  timestamp: 1732349402869
- conda: https://conda.anaconda.org/conda-forge/linux-64/libstdcxx-14.2.0-h8f9b012_2.conda
  sha256: 8f5bd92e4a24e1d35ba015c5252e8f818898478cb3bc50bd8b12ab54707dc4da
  md5: a78c856b6dc6bf4ea8daeb9beaaa3fb0
  depends:
  - __glibc >=2.17,<3.0.a0
  - libgcc 14.2.0 h767d61c_2
  license: GPL-3.0-only WITH GCC-exception-3.1
  license_family: GPL
  size: 3884556
  timestamp: 1740240685253
- conda: https://conda.anaconda.org/conda-forge/noarch/libstdcxx-devel_linux-64-14.2.0-h9c4974d_102.conda
  sha256: 7bd1943aea09457cca1aa611c71bc3b12990832d3a0ffb4b1f25a83deb035669
  md5: 54bac3d48bc1f91216b5f5fb259d8764
  depends:
  - __unix
  license: GPL-3.0-only WITH GCC-exception-3.1
  license_family: GPL
  size: 13572040
  timestamp: 1740240603306
- conda: https://conda.anaconda.org/conda-forge/linux-64/libstdcxx-ng-14.2.0-h4852527_2.conda
  sha256: e86f38b007cf97cc2c67cd519f2de12a313c4ee3f5ef11652ad08932a5e34189
  md5: c75da67f045c2627f59e6fcb5f4e3a9b
  depends:
  - libstdcxx 14.2.0 h8f9b012_2
  license: GPL-3.0-only WITH GCC-exception-3.1
  license_family: GPL
  size: 53830
  timestamp: 1740240722530
- conda: https://conda.anaconda.org/conda-forge/linux-64/libuv-1.50.0-hb9d3cd8_0.conda
  sha256: b4a8890023902aef9f1f33e3e35603ad9c2f16c21fdb58e968fa6c1bd3e94c0b
  md5: 771ee65e13bc599b0b62af5359d80169
  depends:
  - __glibc >=2.17,<3.0.a0
  - libgcc >=13
  license: MIT
  license_family: MIT
  size: 891272
  timestamp: 1737016632446
- conda: https://conda.anaconda.org/conda-forge/linux-64/libxml2-2.13.6-h8d12d68_0.conda
  sha256: db8af71ea9c0ae95b7cb4a0f59319522ed2243942437a1200ceb391493018d85
  md5: 328382c0e0ca648e5c189d5ec336c604
  depends:
  - __glibc >=2.17,<3.0.a0
  - icu >=75.1,<76.0a0
  - libgcc >=13
  - libiconv >=1.18,<2.0a0
  - liblzma >=5.6.4,<6.0a0
  - libzlib >=1.3.1,<2.0a0
  license: MIT
  license_family: MIT
  size: 690296
  timestamp: 1739952967309
- conda: https://conda.anaconda.org/conda-forge/linux-64/libzlib-1.3.1-hb9d3cd8_2.conda
  sha256: d4bfe88d7cb447768e31650f06257995601f89076080e76df55e3112d4e47dc4
  md5: edb0dca6bc32e4f4789199455a1dbeb8
  depends:
  - __glibc >=2.17,<3.0.a0
  - libgcc >=13
  constrains:
  - zlib 1.3.1 *_2
  license: Zlib
  license_family: Other
  size: 60963
  timestamp: 1727963148474
- conda: https://conda.anaconda.org/conda-forge/linux-64/msgpack-c-6.1.0-h7955e40_1.conda
  sha256: ec6050d91da2901625ce48d9f2c5b6bebeaddd39706a0588bad83b9ff7232fe2
  md5: cd7b0e40cd9843b5be4df8578b7a1290
  depends:
  - __glibc >=2.17,<3.0.a0
  - gtest >=1.15.2,<1.15.3.0a0
  - libgcc >=13
  - libstdcxx >=13
  - libzlib >=1.3.1,<2.0a0
  license: BSL-1.0
  size: 37255
  timestamp: 1735004321979
- conda: https://conda.anaconda.org/conda-forge/linux-64/ncurses-6.5-h2d0b736_3.conda
  sha256: 3fde293232fa3fca98635e1167de6b7c7fda83caf24b9d6c91ec9eefb4f4d586
  md5: 47e340acb35de30501a76c7c799c41d7
  depends:
  - __glibc >=2.17,<3.0.a0
  - libgcc >=13
  license: X11 AND BSD-3-Clause
  size: 891641
  timestamp: 1738195959188
- conda: https://conda.anaconda.org/conda-forge/linux-64/ninja-1.12.1-h297d8ca_0.conda
  sha256: 40f7b76b07067935f8a5886aab0164067b7aa71eb5ad20b7278618c0c2c98e06
  md5: 3aa1c7e292afeff25a0091ddd7c69b72
  depends:
  - libgcc-ng >=12
  - libstdcxx-ng >=12
  license: Apache-2.0
  license_family: Apache
  size: 2198858
  timestamp: 1715440571685
- conda: https://conda.anaconda.org/conda-forge/linux-64/openssl-3.4.1-h7b32b05_0.conda
  sha256: cbf62df3c79a5c2d113247ddea5658e9ff3697b6e741c210656e239ecaf1768f
  md5: 41adf927e746dc75ecf0ef841c454e48
  depends:
  - __glibc >=2.17,<3.0.a0
  - ca-certificates
  - libgcc >=13
  license: Apache-2.0
  license_family: Apache
  size: 2939306
  timestamp: 1739301879343
- conda: https://conda.anaconda.org/conda-forge/linux-64/patchelf-0.17.2-h58526e2_0.conda
  sha256: eb355ac225be2f698e19dba4dcab7cb0748225677a9799e9cc8e4cadc3cb738f
  md5: ba76a6a448819560b5f8b08a9c74f415
  depends:
  - libgcc-ng >=7.5.0
  - libstdcxx-ng >=7.5.0
  license: GPL-3.0-or-later
  license_family: GPL
  size: 94048
  timestamp: 1673473024463
- conda: https://conda.anaconda.org/conda-forge/linux-64/pkg-config-0.29.2-h4bc722e_1009.conda
  sha256: c9601efb1af5391317e04eca77c6fe4d716bf1ca1ad8da2a05d15cb7c28d7d4e
  md5: 1bee70681f504ea424fb07cdb090c001
  depends:
  - __glibc >=2.17,<3.0.a0
  - libgcc-ng >=12
  license: GPL-2.0-or-later
  license_family: GPL
  size: 115175
  timestamp: 1720805894943
- conda: https://conda.anaconda.org/conda-forge/linux-64/pugixml-1.15-h3f63f65_0.conda
  sha256: 23c98a5000356e173568dc5c5770b53393879f946f3ace716bbdefac2a8b23d2
  md5: b11a4c6bf6f6f44e5e143f759ffa2087
  depends:
  - __glibc >=2.17,<3.0.a0
  - libgcc >=13
  - libstdcxx >=13
  license: MIT
  license_family: MIT
  size: 118488
  timestamp: 1736601364156
- conda: https://conda.anaconda.org/conda-forge/linux-64/rattler-build-0.39.0-h159367c_1.conda
  sha256: a2a300747c1427628b95342ed74d0c375fb7753ecba0f8c96087526232cd367f
  md5: a72e7d6e8ff13b2051aaffe74d211dce
  depends:
  - patchelf
  - __glibc >=2.17,<3.0.a0
  - libgcc >=13
  - openssl >=3.4.1,<4.0a0
  constrains:
  - __glibc >=2.17
  license: BSD-3-Clause
  license_family: BSD
  size: 12526324
  timestamp: 1742108438690
- conda: https://conda.anaconda.org/conda-forge/linux-64/rhash-1.4.5-hb9d3cd8_0.conda
  sha256: 04677caac29ec64a5d41d0cca8dbec5f60fa166d5458ff5a4393e4dc08a4799e
  md5: 9af0e7981755f09c81421946c4bcea04
  depends:
  - __glibc >=2.17,<3.0.a0
  - libgcc >=13
  license: MIT
  license_family: MIT
  size: 186921
  timestamp: 1728886721623
- conda: https://conda.anaconda.org/conda-forge/noarch/sysroot_linux-64-2.17-h0157908_18.conda
  sha256: 69ab5804bdd2e8e493d5709eebff382a72fab3e9af6adf93a237ccf8f7dbd624
  md5: 460eba7851277ec1fd80a1a24080787a
  depends:
  - kernel-headers_linux-64 3.10.0 he073ed8_18
  - tzdata
  license: LGPL-2.0-or-later AND LGPL-2.0-or-later WITH exceptions AND GPL-2.0-or-later AND MPL-2.0
  license_family: GPL
  size: 15166921
  timestamp: 1735290488259
- conda: https://repo.prefix.dev/cxxlibs/linux-64/toml11-4.4.0-hb0f4dca_0.conda
  sha256: 21d17094d6ebfb3a74dc89398a4f48b3b4d93caa8d3d3f22901980facbe0bf64
  license: MIT
  size: 89682
  timestamp: 1742995168303
- conda: https://conda.anaconda.org/conda-forge/noarch/tzdata-2025b-h78e105d_0.conda
  sha256: 5aaa366385d716557e365f0a4e9c3fca43ba196872abbbe3d56bb610d131e192
  md5: 4222072737ccff51314b5ece9c7d6f5a
  license: LicenseRef-Public-Domain
  size: 122968
  timestamp: 1742727099393
- conda: https://conda.anaconda.org/conda-forge/linux-64/yaml-cpp-0.8.0-h59595ed_0.conda
  sha256: a65bb5284369e548a15a44b14baf1f7ac34fa4718d7d987dd29032caba2ecf20
  md5: 965eaacd7c18eb8361fd12bb9e7a57d7
  depends:
  - libgcc-ng >=12
  - libstdcxx-ng >=12
  license: MIT
  license_family: MIT
  size: 204867
  timestamp: 1695710312002
- conda: https://repo.prefix.dev/cxxlibs/linux-64/yyjson-0.10.0-hb0f4dca_0.conda
  sha256: 2405b6cb5ac1adb083db660df70360ac9cb89421f2d966670304098a79feb573
  license: MIT
  size: 138682
  timestamp: 1742994700064
- conda: https://conda.anaconda.org/conda-forge/linux-64/zstd-1.5.7-hb8e6e7a_2.conda
  sha256: a4166e3d8ff4e35932510aaff7aa90772f84b4d07e9f6f83c614cba7ceefe0eb
  md5: 6432cb5d4ac0046c3ac0a8a0f95842f9
  depends:
  - __glibc >=2.17,<3.0.a0
  - libgcc >=13
  - libstdcxx >=13
  - libzlib >=1.3.1,<2.0a0
  license: BSD-3-Clause
  license_family: BSD
  size: 567578
  timestamp: 1742433379869
